
Microsoft Visual Studio Solution File, Format Version 12.00
# Visual Studio Version 17
VisualStudioVersion = 17.12.35323.107
MinimumVisualStudioVersion = 10.0.40219.1
Project("{2150E333-8FDC-42A3-9474-1A3956D46DE8}") = "src", "src", "{DBE2FE8B-6945-45E6-86AA-50887A5C38BA}"
EndProject
Project("{FAE04EC0-301F-11D3-BF4B-00C04F79EFBC}") = "WebAPI", "WebAPI\WebAPI.csproj", "{7DC8033A-CA76-42A3-B6D3-19F42D2382AA}"
EndProject
Project("{FAE04EC0-301F-11D3-BF4B-00C04F79EFBC}") = "WebApi.Tests", "WebApi.Tests\WebApi.Tests.csproj", "{3258C190-7C0A-449D-BEB7-AAA54E5B3974}"
EndProject
Project("{E53339B2-1760-4266-BCC7-CA923CBCF16C}") = "docker-compose", "docker-compose.dcproj", "{C33228B0-CE6B-4593-9C37-07378A802C1C}"
EndProject
Global
	GlobalSection(SolutionConfigurationPlatforms) = preSolution
		Debug|Any CPU = Debug|Any CPU
		Release|Any CPU = Release|Any CPU
	EndGlobalSection
	GlobalSection(ProjectConfigurationPlatforms) = postSolution
		{7DC8033A-CA76-42A3-B6D3-19F42D2382AA}.Debug|Any CPU.ActiveCfg = Debug|Any CPU
		{7DC8033A-CA76-42A3-B6D3-19F42D2382AA}.Debug|Any CPU.Build.0 = Debug|Any CPU
		{7DC8033A-CA76-42A3-B6D3-19F42D2382AA}.Release|Any CPU.ActiveCfg = Release|Any CPU
		{7DC8033A-CA76-42A3-B6D3-19F42D2382AA}.Release|Any CPU.Build.0 = Release|Any CPU
		{3258C190-7C0A-449D-BEB7-AAA54E5B3974}.Debug|Any CPU.ActiveCfg = Debug|Any CPU
		{3258C190-7C0A-449D-BEB7-AAA54E5B3974}.Debug|Any CPU.Build.0 = Debug|Any CPU
		{3258C190-7C0A-449D-BEB7-AAA54E5B3974}.Release|Any CPU.ActiveCfg = Release|Any CPU
		{3258C190-7C0A-449D-BEB7-AAA54E5B3974}.Release|Any CPU.Build.0 = Release|Any CPU
		{C33228B0-CE6B-4593-9C37-07378A802C1C}.Debug|Any CPU.ActiveCfg = Debug|Any CPU
		{C33228B0-CE6B-4593-9C37-07378A802C1C}.Debug|Any CPU.Build.0 = Debug|Any CPU
		{C33228B0-CE6B-4593-9C37-07378A802C1C}.Release|Any CPU.ActiveCfg = Release|Any CPU
		{C33228B0-CE6B-4593-9C37-07378A802C1C}.Release|Any CPU.Build.0 = Release|Any CPU
	EndGlobalSection
	GlobalSection(SolutionProperties) = preSolution
		HideSolutionNode = FALSE
	EndGlobalSection
	GlobalSection(NestedProjects) = preSolution
		{7DC8033A-CA76-42A3-B6D3-19F42D2382AA} = {DBE2FE8B-6945-45E6-86AA-50887A5C38BA}
		{3258C190-7C0A-449D-BEB7-AAA54E5B3974} = {DBE2FE8B-6945-45E6-86AA-50887A5C38BA}
	EndGlobalSection
	GlobalSection(ExtensibilityGlobals) = postSolution
		SolutionGuid = {B4BA4B31-A80B-4F51-9A79-DB92C5E32872}
	EndGlobalSection
EndGlobal
